
Microsoft Visual Studio Solution File, Format Version 12.00
# Visual Studio 15
VisualStudioVersion = 15.0.27428.2002
MinimumVisualStudioVersion = 10.0.40219.1
Project("{FAE04EC0-301F-11D3-BF4B-00C04F79EFBC}") = "DownloadManager", "DownloadManager\DownloadManager.csproj", "{33358A3E-55C2-449E-8493-6C921B8E2C1C}"
EndProject
Project("{FAE04EC0-301F-11D3-BF4B-00C04F79EFBC}") = "Shop", "Shop\Shop.csproj", "{4A406F6F-98B8-4776-9C6F-F10D789EAF66}"
EndProject
Project("{FAE04EC0-301F-11D3-BF4B-00C04F79EFBC}") = "Sum", "Sum\Sum.csproj", "{2EE84417-5536-42D6-86FB-C9C41D9F295B}"
EndProject
Project("{FAE04EC0-301F-11D3-BF4B-00C04F79EFBC}") = "AsyncRepository", "AsyncRepository\AsyncRepository.csproj", "{893ADD78-48BB-4482-8530-2F3566B58461}"
EndProject
Global
	GlobalSection(SolutionConfigurationPlatforms) = preSolution
		Debug|Any CPU = Debug|Any CPU
		Release|Any CPU = Release|Any CPU
	EndGlobalSection
	GlobalSection(ProjectConfigurationPlatforms) = postSolution
		{33358A3E-55C2-449E-8493-6C921B8E2C1C}.Debug|Any CPU.ActiveCfg = Debug|Any CPU
		{33358A3E-55C2-449E-8493-6C921B8E2C1C}.Debug|Any CPU.Build.0 = Debug|Any CPU
		{33358A3E-55C2-449E-8493-6C921B8E2C1C}.Release|Any CPU.ActiveCfg = Release|Any CPU
		{33358A3E-55C2-449E-8493-6C921B8E2C1C}.Release|Any CPU.Build.0 = Release|Any CPU
		{4A406F6F-98B8-4776-9C6F-F10D789EAF66}.Debug|Any CPU.ActiveCfg = Debug|Any CPU
		{4A406F6F-98B8-4776-9C6F-F10D789EAF66}.Debug|Any CPU.Build.0 = Debug|Any CPU
		{4A406F6F-98B8-4776-9C6F-F10D789EAF66}.Release|Any CPU.ActiveCfg = Release|Any CPU
		{4A406F6F-98B8-4776-9C6F-F10D789EAF66}.Release|Any CPU.Build.0 = Release|Any CPU
		{2EE84417-5536-42D6-86FB-C9C41D9F295B}.Debug|Any CPU.ActiveCfg = Debug|Any CPU
		{2EE84417-5536-42D6-86FB-C9C41D9F295B}.Debug|Any CPU.Build.0 = Debug|Any CPU
		{2EE84417-5536-42D6-86FB-C9C41D9F295B}.Release|Any CPU.ActiveCfg = Release|Any CPU
		{2EE84417-5536-42D6-86FB-C9C41D9F295B}.Release|Any CPU.Build.0 = Release|Any CPU
		{893ADD78-48BB-4482-8530-2F3566B58461}.Debug|Any CPU.ActiveCfg = Debug|Any CPU
		{893ADD78-48BB-4482-8530-2F3566B58461}.Debug|Any CPU.Build.0 = Debug|Any CPU
		{893ADD78-48BB-4482-8530-2F3566B58461}.Release|Any CPU.ActiveCfg = Release|Any CPU
		{893ADD78-48BB-4482-8530-2F3566B58461}.Release|Any CPU.Build.0 = Release|Any CPU
	EndGlobalSection
	GlobalSection(SolutionProperties) = preSolution
		HideSolutionNode = FALSE
	EndGlobalSection
	GlobalSection(ExtensibilityGlobals) = postSolution
		SolutionGuid = {CBE5B622-923F-4842-9348-50B9BE8D44FC}
	EndGlobalSection
EndGlobal
